
Microsoft Visual Studio Solution File, Format Version 12.00
# Visual Studio Version 17
VisualStudioVersion = 17.0.31903.59
MinimumVisualStudioVersion = 10.0.40219.1
Project("{2150E333-8FDC-42A3-9474-1A3956D46DE8}") = "src", "src", "{CE4215B4-92BD-4C38-A285-6A3C4CF553C8}"
EndProject
Project("{FAE04EC0-301F-11D3-BF4B-00C04F79EFBC}") = "AuctionService", "src\AuctionService\AuctionService.csproj", "{43AFED59-85AE-4C59-855E-6ADD6D5AB593}"
EndProject
Global
	GlobalSection(SolutionConfigurationPlatforms) = preSolution
		Debug|Any CPU = Debug|Any CPU
		Release|Any CPU = Release|Any CPU
	EndGlobalSection
	GlobalSection(SolutionProperties) = preSolution
		HideSolutionNode = FALSE
	EndGlobalSection
	GlobalSection(ProjectConfigurationPlatforms) = postSolution
		{43AFED59-85AE-4C59-855E-6ADD6D5AB593}.Debug|Any CPU.ActiveCfg = Debug|Any CPU
		{43AFED59-85AE-4C59-855E-6ADD6D5AB593}.Debug|Any CPU.Build.0 = Debug|Any CPU
		{43AFED59-85AE-4C59-855E-6ADD6D5AB593}.Release|Any CPU.ActiveCfg = Release|Any CPU
		{43AFED59-85AE-4C59-855E-6ADD6D5AB593}.Release|Any CPU.Build.0 = Release|Any CPU
	EndGlobalSection
	GlobalSection(NestedProjects) = preSolution
		{43AFED59-85AE-4C59-855E-6ADD6D5AB593} = {CE4215B4-92BD-4C38-A285-6A3C4CF553C8}
	EndGlobalSection
EndGlobal
